Microsoft Visual Studio Solution File, Format Version 12.00
# Visual Studio Version 17
VisualStudioVersion = 17.5.2.0
MinimumVisualStudioVersion = 10.0.40219.1
Project("{FAE04EC0-301F-11D3-BF4B-00C04F79EFBC}") = "Level_02", "Level_02.csproj", "{03D7FFF2-E882-B3C5-A375-2FB815DF2712}"
EndProject
Global
	GlobalSection(SolutionConfigurationPlatforms) = preSolution
		Debug|Any CPU = Debug|Any CPU
		Release|Any CPU = Release|Any CPU
	EndGlobalSection
	GlobalSection(ProjectConfigurationPlatforms) = postSolution
		{03D7FFF2-E882-B3C5-A375-2FB815DF2712}.Debug|Any CPU.ActiveCfg = Debug|Any CPU
		{03D7FFF2-E882-B3C5-A375-2FB815DF2712}.Debug|Any CPU.Build.0 = Debug|Any CPU
		{03D7FFF2-E882-B3C5-A375-2FB815DF2712}.Release|Any CPU.ActiveCfg = Release|Any CPU
		{03D7FFF2-E882-B3C5-A375-2FB815DF2712}.Release|Any CPU.Build.0 = Release|Any CPU
	EndGlobalSection
	GlobalSection(SolutionProperties) = preSolution
		HideSolutionNode = FALSE
	EndGlobalSection
	GlobalSection(ExtensibilityGlobals) = postSolution
		SolutionGuid = {8B9A0AE0-E769-4E68-A1F9-DAF2F1BADDC0}
	EndGlobalSection
EndGlobal
